{
    "_meta": {
        "hash": {
            "sha256": "ce354e2c03004bee5543873fd96f66d005e53064e2619de50d7a029d3b4e39ef"
        },
        "pipfile-spec": 6,
        "requires": {
            "python_version": "3.7"
        },
        "sources": [
            {
                "name": "pypi",
                "url": "https://pypi.org/simple",
                "verify_ssl": true
            }
        ]
    },
    "default": {},
    "develop": {
        "click": {
            "hashes": [
                "sha256:2335065e6395b9e67ca716de5f7526736bfa6ceead690adf616d925bdc622b13",
                "sha256:5b94b49521f6456670fdb30cd82a4eca9412788a93fa6dd6df72c94d5a8ff2d7"
            ],
            "version": "==7.0"
        },
        "package-controller": {
            "hashes": [
                "sha256:56044327713e6f04a5c26b8a5945eb67ab95781e00b1d564b3f9673353d3c4a6",
                "sha256:580aa521674d4e0d09532c27305149fc4b5e3df74af906149e9765cff80c822e"
            ],
            "index": "pypi",
            "version": "==0.3.9"
        },
        "semver": {
            "hashes": [
                "sha256:41c9aa26c67dc16c54be13074c352ab666bce1fa219c7110e8f03374cd4206b0",
                "sha256:5b09010a66d9a3837211bb7ae5a20d10ba88f8cb49e92cb139a69ef90d5060d8"
            ],
            "version": "==2.8.1"
        }
    }
}
