{
    "_meta": {
        "hash": {
            "sha256": "806aa4c0463798e0ed9b9f8245304ad77750269ec7a07a9482770f9de5c48ebf"
        },
        "pipfile-spec": 6,
        "requires": {
            "python_version": "3.7"
        },
        "sources": [
            {
                "name": "pypi",
                "url": "https://pypi.org/simple",
                "verify_ssl": true
            }
        ]
    },
    "default": {},
    "develop": {
        "click": {
            "hashes": [
                "sha256:2335065e6395b9e67ca716de5f7526736bfa6ceead690adf616d925bdc622b13",
                "sha256:5b94b49521f6456670fdb30cd82a4eca9412788a93fa6dd6df72c94d5a8ff2d7"
            ],
            "version": "==7.0"
        },
        "package-controller": {
            "hashes": [
                "sha256:7d5ddc3e22757e67fe1bfdf52f45ce07f95edef889d12b7d0b308ffdc7d2e2aa",
                "sha256:8fc2f6d2278a5f39a7b97986808e9042f6f974cebb8cab922f693c5a462fcbd6"
            ],
            "index": "pypi",
            "version": "==0.3.10"
        },
        "semver": {
            "hashes": [
                "sha256:41c9aa26c67dc16c54be13074c352ab666bce1fa219c7110e8f03374cd4206b0",
                "sha256:5b09010a66d9a3837211bb7ae5a20d10ba88f8cb49e92cb139a69ef90d5060d8"
            ],
            "version": "==2.8.1"
        }
    }
}
